
Microsoft Visual Studio Solution File, Format Version 12.00
# Visual Studio Version 16
VisualStudioVersion = 16.0.30413.136
MinimumVisualStudioVersion = 10.0.40219.1
Project("{FAE04EC0-301F-11D3-BF4B-00C04F79EFBC}") = "pesoid", "pesoid\pesoid.csproj", "{D5D2F51A-5745-4E28-ADC6-271FC3CB628E}"
EndProject
Global
	GlobalSection(SolutionConfigurationPlatforms) = preSolution
		Debug|Any CPU = Debug|Any CPU
		Release|Any CPU = Release|Any CPU
	EndGlobalSection
	GlobalSection(ProjectConfigurationPlatforms) = postSolution
		{D5D2F51A-5745-4E28-ADC6-271FC3CB628E}.Debug|Any CPU.ActiveCfg = Debug|Any CPU
		{D5D2F51A-5745-4E28-ADC6-271FC3CB628E}.Debug|Any CPU.Build.0 = Debug|Any CPU
		{D5D2F51A-5745-4E28-ADC6-271FC3CB628E}.Release|Any CPU.ActiveCfg = Release|Any CPU
		{D5D2F51A-5745-4E28-ADC6-271FC3CB628E}.Release|Any CPU.Build.0 = Release|Any CPU
	EndGlobalSection
	GlobalSection(SolutionProperties) = preSolution
		HideSolutionNode = FALSE
	EndGlobalSection
	GlobalSection(ExtensibilityGlobals) = postSolution
		SolutionGuid = {AB7E1E5A-57EC-4EEA-A09D-3C4A7E48E7B2}
	EndGlobalSection
EndGlobal
