
Microsoft Visual Studio Solution File, Format Version 12.00
# Visual Studio Version 16
VisualStudioVersion = 16.0.30413.136
MinimumVisualStudioVersion = 10.0.40219.1
Project("{FAE04EC0-301F-11D3-BF4B-00C04F79EFBC}") = "Calc", "Calc\Calc.csproj", "{BE768453-37FB-4F96-A2B6-CC5407E0F8AD}"
EndProject
Global
	GlobalSection(SolutionConfigurationPlatforms) = preSolution
		Debug|Any CPU = Debug|Any CPU
		Release|Any CPU = Release|Any CPU
	EndGlobalSection
	GlobalSection(ProjectConfigurationPlatforms) = postSolution
		{BE768453-37FB-4F96-A2B6-CC5407E0F8AD}.Debug|Any CPU.ActiveCfg = Debug|Any CPU
		{BE768453-37FB-4F96-A2B6-CC5407E0F8AD}.Debug|Any CPU.Build.0 = Debug|Any CPU
		{BE768453-37FB-4F96-A2B6-CC5407E0F8AD}.Release|Any CPU.ActiveCfg = Release|Any CPU
		{BE768453-37FB-4F96-A2B6-CC5407E0F8AD}.Release|Any CPU.Build.0 = Release|Any CPU
	EndGlobalSection
	GlobalSection(SolutionProperties) = preSolution
		HideSolutionNode = FALSE
	EndGlobalSection
	GlobalSection(ExtensibilityGlobals) = postSolution
		SolutionGuid = {C26EF855-64D3-4619-B61B-43086DA584EE}
	EndGlobalSection
EndGlobal
